
Microsoft Visual Studio Solution File, Format Version 12.00
# Visual Studio Version 17
VisualStudioVersion = 17.8.34511.84
MinimumVisualStudioVersion = 10.0.40219.1
Project("{9A19103F-16F7-4668-BE54-9A1E7A4F7556}") = "Exercises", "Exercises\Exercises.csproj", "{DB108609-69E6-4C11-9E60-4FA4643605D5}"
EndProject
Project("{9A19103F-16F7-4668-BE54-9A1E7A4F7556}") = "Runner", "Runner\Runner.csproj", "{A912EE5D-54B5-42DC-A220-7EAF289A6449}"
EndProject
Project("{2150E333-8FDC-42A3-9474-1A3956D46DE8}") = "ProjectEuler", "ProjectEuler", "{C56AF808-6B9D-4342-9A0E-A4FB819578DF}"
EndProject
Project("{9A19103F-16F7-4668-BE54-9A1E7A4F7556}") = "ProjectEuler", "ProjectEuler\ProjectEuler\ProjectEuler.csproj", "{641FEAAB-BED2-4197-886A-967487001DEB}"
EndProject
Project("{2150E333-8FDC-42A3-9474-1A3956D46DE8}") = "AdventOfCode", "AdventOfCode", "{F6D61A2A-43B7-4DB7-A179-22E90E4B3FAD}"
EndProject
Project("{9A19103F-16F7-4668-BE54-9A1E7A4F7556}") = "AoC2023", "AdventOfCode\AoC2023\AoC2023.csproj", "{71E6B71B-52EE-4A58-95F7-693C8B262BFC}"
EndProject
Project("{9A19103F-16F7-4668-BE54-9A1E7A4F7556}") = "AoC", "AdventOfCode\AoC\AoC.csproj", "{3045CE61-6639-47F2-8650-31BA122DA8C5}"
EndProject
Project("{FAE04EC0-301F-11D3-BF4B-00C04F79EFBC}") = "Exercises.Tests", "Exercises.Tests\Exercises.Tests.csproj", "{A42A0B8A-42E1-4470-A2C6-2B6312BE5C38}"
EndProject
Global
	GlobalSection(SolutionConfigurationPlatforms) = preSolution
		Debug|Any CPU = Debug|Any CPU
		Release|Any CPU = Release|Any CPU
	EndGlobalSection
	GlobalSection(ProjectConfigurationPlatforms) = postSolution
		{DB108609-69E6-4C11-9E60-4FA4643605D5}.Debug|Any CPU.ActiveCfg = Debug|Any CPU
		{DB108609-69E6-4C11-9E60-4FA4643605D5}.Debug|Any CPU.Build.0 = Debug|Any CPU
		{DB108609-69E6-4C11-9E60-4FA4643605D5}.Release|Any CPU.ActiveCfg = Release|Any CPU
		{DB108609-69E6-4C11-9E60-4FA4643605D5}.Release|Any CPU.Build.0 = Release|Any CPU
		{A912EE5D-54B5-42DC-A220-7EAF289A6449}.Debug|Any CPU.ActiveCfg = Debug|Any CPU
		{A912EE5D-54B5-42DC-A220-7EAF289A6449}.Debug|Any CPU.Build.0 = Debug|Any CPU
		{A912EE5D-54B5-42DC-A220-7EAF289A6449}.Release|Any CPU.ActiveCfg = Release|Any CPU
		{A912EE5D-54B5-42DC-A220-7EAF289A6449}.Release|Any CPU.Build.0 = Release|Any CPU
		{641FEAAB-BED2-4197-886A-967487001DEB}.Debug|Any CPU.ActiveCfg = Debug|Any CPU
		{641FEAAB-BED2-4197-886A-967487001DEB}.Debug|Any CPU.Build.0 = Debug|Any CPU
		{641FEAAB-BED2-4197-886A-967487001DEB}.Release|Any CPU.ActiveCfg = Release|Any CPU
		{641FEAAB-BED2-4197-886A-967487001DEB}.Release|Any CPU.Build.0 = Release|Any CPU
		{71E6B71B-52EE-4A58-95F7-693C8B262BFC}.Debug|Any CPU.ActiveCfg = Debug|Any CPU
		{71E6B71B-52EE-4A58-95F7-693C8B262BFC}.Debug|Any CPU.Build.0 = Debug|Any CPU
		{71E6B71B-52EE-4A58-95F7-693C8B262BFC}.Release|Any CPU.ActiveCfg = Release|Any CPU
		{71E6B71B-52EE-4A58-95F7-693C8B262BFC}.Release|Any CPU.Build.0 = Release|Any CPU
		{3045CE61-6639-47F2-8650-31BA122DA8C5}.Debug|Any CPU.ActiveCfg = Debug|Any CPU
		{3045CE61-6639-47F2-8650-31BA122DA8C5}.Debug|Any CPU.Build.0 = Debug|Any CPU
		{3045CE61-6639-47F2-8650-31BA122DA8C5}.Release|Any CPU.ActiveCfg = Release|Any CPU
		{3045CE61-6639-47F2-8650-31BA122DA8C5}.Release|Any CPU.Build.0 = Release|Any CPU
		{A42A0B8A-42E1-4470-A2C6-2B6312BE5C38}.Debug|Any CPU.ActiveCfg = Debug|Any CPU
		{A42A0B8A-42E1-4470-A2C6-2B6312BE5C38}.Debug|Any CPU.Build.0 = Debug|Any CPU
		{A42A0B8A-42E1-4470-A2C6-2B6312BE5C38}.Release|Any CPU.ActiveCfg = Release|Any CPU
		{A42A0B8A-42E1-4470-A2C6-2B6312BE5C38}.Release|Any CPU.Build.0 = Release|Any CPU
	EndGlobalSection
	GlobalSection(SolutionProperties) = preSolution
		HideSolutionNode = FALSE
	EndGlobalSection
	GlobalSection(NestedProjects) = preSolution
		{641FEAAB-BED2-4197-886A-967487001DEB} = {C56AF808-6B9D-4342-9A0E-A4FB819578DF}
		{71E6B71B-52EE-4A58-95F7-693C8B262BFC} = {F6D61A2A-43B7-4DB7-A179-22E90E4B3FAD}
		{3045CE61-6639-47F2-8650-31BA122DA8C5} = {F6D61A2A-43B7-4DB7-A179-22E90E4B3FAD}
	EndGlobalSection
	GlobalSection(ExtensibilityGlobals) = postSolution
		SolutionGuid = {9E5FE782-AA8D-4714-9724-716CDAD69B56}
	EndGlobalSection
EndGlobal
